// !$*UTF8*$!
{
	archiveVersion = 1;
	classes = {
	};
	objectVersion = 46;
	objects = {

/* Begin PBXBuildFile section */
		92296E891EA573B6009F79F7 /* AppDelegate.swift in Sources */ = {isa = PBXBuildFile; fileRef = 92296E881EA573B6009F79F7 /* AppDelegate.swift */; };
		92296E901EA573B6009F79F7 /* Assets.xcassets in Resources */ = {isa = PBXBuildFile; fileRef = 92296E8F1EA573B6009F79F7 /* Assets.xcassets */; };
		92296E931EA573B6009F79F7 /* LaunchScreen.storyboard in Resources */ = {isa = PBXBuildFile; fileRef = 92296E911EA573B6009F79F7 /* LaunchScreen.storyboard */; };
		92296E9C1EA5740B009F79F7 /* TweetTableViewController.swift in Sources */ = {isa = PBXBuildFile; fileRef = 92296E9B1EA5740B009F79F7 /* TweetTableViewController.swift */; };
		9256A0F61EA5827B008DDD31 /* Twitter.framework in Frameworks */ = {isa = PBXBuildFile; fileRef = 9256A0F51EA5827B008DDD31 /* Twitter.framework */; };
		9256A0F71EA5827B008DDD31 /* Twitter.framework in Embed Frameworks */ = {isa = PBXBuildFile; fileRef = 9256A0F51EA5827B008DDD31 /* Twitter.framework */; settings = {ATTRIBUTES = (CodeSignOnCopy, RemoveHeadersOnCopy, ); }; };
		9256A0FE1EA59256008DDD31 /* TweetTableViewCell.swift in Sources */ = {isa = PBXBuildFile; fileRef = 9256A0FD1EA59256008DDD31 /* TweetTableViewCell.swift */; };
		9256A11E1EA6B3A8008DDD31 /* MentionsTableViewController.swift in Sources */ = {isa = PBXBuildFile; fileRef = 9256A11D1EA6B3A8008DDD31 /* MentionsTableViewController.swift */; };
		9256A1201EA70A9E008DDD31 /* Main.storyboard in Resources */ = {isa = PBXBuildFile; fileRef = 9256A11F1EA70A9E008DDD31 /* Main.storyboard */; };
		9256A1221EA7E60F008DDD31 /* ImageTableViewCell.swift in Sources */ = {isa = PBXBuildFile; fileRef = 9256A1211EA7E60F008DDD31 /* ImageTableViewCell.swift */; };
		9256A1241EA8EBA5008DDD31 /* ImageViewController.swift in Sources */ = {isa = PBXBuildFile; fileRef = 9256A1231EA8EBA5008DDD31 /* ImageViewController.swift */; };
		9256A1261EA95905008DDD31 /* RecentSearches.swift in Sources */ = {isa = PBXBuildFile; fileRef = 9256A1251EA95905008DDD31 /* RecentSearches.swift */; };
		9256A1281EA95E35008DDD31 /* RecentSearchesTableViewController.swift in Sources */ = {isa = PBXBuildFile; fileRef = 9256A1271EA95E35008DDD31 /* RecentSearchesTableViewController.swift */; };
		926BA9961EAA589000502FC4 /* ImagesCollectionViewController.swift in Sources */ = {isa = PBXBuildFile; fileRef = 926BA9951EAA589000502FC4 /* ImagesCollectionViewController.swift */; };
/* End PBXBuildFile section */

/* Begin PBXCopyFilesBuildPhase section */
		9256A0F81EA5827B008DDD31 /* Embed Frameworks */ = {
			isa = PBXCopyFilesBuildPhase;
			buildActionMask = 2147483647;
			dstPath = "";
			dstSubfolderSpec = 10;
			files = (
				9256A0F71EA5827B008DDD31 /* Twitter.framework in Embed Frameworks */,
			);
			name = "Embed Frameworks";
			runOnlyForDeploymentPostprocessing = 0;
		};
/* End PBXCopyFilesBuildPhase section */

/* Begin PBXFileReference section */
		92296E851EA573B6009F79F7 /* SmashTag.app */ = {isa = PBXFileReference; explicitFileType = wrapper.application; includeInIndex = 0; path = SmashTag.app; sourceTree = BUILT_PRODUCTS_DIR; };
		92296E881EA573B6009F79F7 /* AppDelegate.swift */ = {isa = PBXFileReference; lastKnownFileType = sourcecode.swift; path = AppDelegate.swift; sourceTree = "<group>"; };
		92296E8F1EA573B6009F79F7 /* Assets.xcassets */ = {isa = PBXFileReference; lastKnownFileType = folder.assetcatalog; path = Assets.xcassets; sourceTree = "<group>"; };
		92296E921EA573B6009F79F7 /* Base */ = {isa = PBXFileReference; lastKnownFileType = file.storyboard; name = Base; path = Base.lproj/LaunchScreen.storyboard; sourceTree = "<group>"; };
		92296E941EA573B6009F79F7 /* Info.plist */ = {isa = PBXFileReference; lastKnownFileType = text.plist.xml; path = Info.plist; sourceTree = "<group>"; };
		92296E9B1EA5740B009F79F7 /* TweetTableViewController.swift */ = {isa = PBXFileReference; fileEncoding = 4; lastKnownFileType = sourcecode.swift; path = TweetTableViewController.swift; sourceTree = "<group>"; };
		9256A0F51EA5827B008DDD31 /* Twitter.framework */ = {isa = PBXFileReference; explicitFileType = wrapper.framework; path = Twitter.framework; sourceTree = BUILT_PRODUCTS_DIR; };
		9256A0FD1EA59256008DDD31 /* TweetTableViewCell.swift */ = {isa = PBXFileReference; fileEncoding = 4; lastKnownFileType = sourcecode.swift; path = TweetTableViewCell.swift; sourceTree = "<group>"; };
		9256A11D1EA6B3A8008DDD31 /* MentionsTableViewController.swift */ = {isa = PBXFileReference; fileEncoding = 4; lastKnownFileType = sourcecode.swift; path = MentionsTableViewController.swift; sourceTree = "<group>"; };
		9256A11F1EA70A9E008DDD31 /* Main.storyboard */ = {isa = PBXFileReference; fileEncoding = 4; lastKnownFileType = file.storyboard; path = Main.storyboard; sourceTree = "<group>"; };
		9256A1211EA7E60F008DDD31 /* ImageTableViewCell.swift */ = {isa = PBXFileReference; fileEncoding = 4; lastKnownFileType = sourcecode.swift; path = ImageTableViewCell.swift; sourceTree = "<group>"; };
		9256A1231EA8EBA5008DDD31 /* ImageViewController.swift */ = {isa = PBXFileReference; fileEncoding = 4; lastKnownFileType = sourcecode.swift; path = ImageViewController.swift; sourceTree = "<group>"; };
		9256A1251EA95905008DDD31 /* RecentSearches.swift */ = {isa = PBXFileReference; fileEncoding = 4; lastKnownFileType = sourcecode.swift; path = RecentSearches.swift; sourceTree = "<group>"; };
		9256A1271EA95E35008DDD31 /* RecentSearchesTableViewController.swift */ = {isa = PBXFileReference; fileEncoding = 4; lastKnownFileType = sourcecode.swift; path = RecentSearchesTableViewController.swift; sourceTree = "<group>"; };
		926BA9951EAA589000502FC4 /* ImagesCollectionViewController.swift */ = {isa = PBXFileReference; fileEncoding = 4; lastKnownFileType = sourcecode.swift; path = ImagesCollectionViewController.swift; sourceTree = "<group>"; };
/* End PBXFileReference section */

/* Begin PBXFrameworksBuildPhase section */
		92296E821EA573B6009F79F7 /* Frameworks */ = {
			isa = PBXFrameworksBuildPhase;
			buildActionMask = 2147483647;
			files = (
				9256A0F61EA5827B008DDD31 /* Twitter.framework in Frameworks */,
			);
			runOnlyForDeploymentPostprocessing = 0;
		};
/* End PBXFrameworksBuildPhase section */

/* Begin PBXGroup section */
		92296E7C1EA573B6009F79F7 = {
			isa = PBXGroup;
			children = (
				9256A0F51EA5827B008DDD31 /* Twitter.framework */,
				92296E871EA573B6009F79F7 /* SmashTag */,
				92296E861EA573B6009F79F7 /* Products */,
			);
			sourceTree = "<group>";
		};
		92296E861EA573B6009F79F7 /* Products */ = {
			isa = PBXGroup;
			children = (
				92296E851EA573B6009F79F7 /* SmashTag.app */,
			);
			name = Products;
			sourceTree = "<group>";
		};
		92296E871EA573B6009F79F7 /* SmashTag */ = {
			isa = PBXGroup;
			children = (
				9256A11F1EA70A9E008DDD31 /* Main.storyboard */,
				92296E9A1EA573CA009F79F7 /* Supporting Files */,
				9256A12A1EA971C9008DDD31 /* Model */,
				9256A12B1EA971D8008DDD31 /* View */,
				9256A1291EA971BC008DDD31 /* Controller */,
				92296E941EA573B6009F79F7 /* Info.plist */,
			);
			path = SmashTag;
			sourceTree = "<group>";
		};
		92296E9A1EA573CA009F79F7 /* Supporting Files */ = {
			isa = PBXGroup;
			children = (
				92296E881EA573B6009F79F7 /* AppDelegate.swift */,
				92296E8F1EA573B6009F79F7 /* Assets.xcassets */,
				92296E911EA573B6009F79F7 /* LaunchScreen.storyboard */,
			);
			name = "Supporting Files";
			sourceTree = "<group>";
		};
		9256A1291EA971BC008DDD31 /* Controller */ = {
			isa = PBXGroup;
			children = (
				9256A11D1EA6B3A8008DDD31 /* MentionsTableViewController.swift */,
				92296E9B1EA5740B009F79F7 /* TweetTableViewController.swift */,
				9256A1231EA8EBA5008DDD31 /* ImageViewController.swift */,
				9256A1271EA95E35008DDD31 /* RecentSearchesTableViewController.swift */,
				926BA9951EAA589000502FC4 /* ImagesCollectionViewController.swift */,
			);
			name = Controller;
			sourceTree = "<group>";
		};
		9256A12A1EA971C9008DDD31 /* Model */ = {
			isa = PBXGroup;
			children = (
				9256A1251EA95905008DDD31 /* RecentSearches.swift */,
			);
			name = Model;
			sourceTree = "<group>";
		};
		9256A12B1EA971D8008DDD31 /* View */ = {
			isa = PBXGroup;
			children = (
				9256A1211EA7E60F008DDD31 /* ImageTableViewCell.swift */,
				9256A0FD1EA59256008DDD31 /* TweetTableViewCell.swift */,
			);
			name = View;
			sourceTree = "<group>";
		};
/* End PBXGroup section */

/* Begin PBXNativeTarget section */
		92296E841EA573B6009F79F7 /* SmashTag */ = {
			isa = PBXNativeTarget;
			buildConfigurationList = 92296E971EA573B6009F79F7 /* Build configuration list for PBXNativeTarget "SmashTag" */;
			buildPhases = (
				92296E811EA573B6009F79F7 /* Sources */,
				92296E821EA573B6009F79F7 /* Frameworks */,
				92296E831EA573B6009F79F7 /* Resources */,
				9256A0F81EA5827B008DDD31 /* Embed Frameworks */,
			);
			buildRules = (
			);
			dependencies = (
			);
			name = SmashTag;
			productName = SmashTag;
			productReference = 92296E851EA573B6009F79F7 /* SmashTag.app */;
			productType = "com.apple.product-type.application";
		};
/* End PBXNativeTarget section */

/* Begin PBXProject section */
		92296E7D1EA573B6009F79F7 /* Project object */ = {
			isa = PBXProject;
			attributes = {
				LastSwiftUpdateCheck = 0820;
				LastUpgradeCheck = 0820;
				ORGANIZATIONNAME = "Chi-Ying Leung";
				TargetAttributes = {
					92296E841EA573B6009F79F7 = {
						CreatedOnToolsVersion = 8.2.1;
						DevelopmentTeam = SZZL343FSD;
						ProvisioningStyle = Automatic;
					};
				};
			};
			buildConfigurationList = 92296E801EA573B6009F79F7 /* Build configuration list for PBXProject "SmashTag" */;
			compatibilityVersion = "Xcode 3.2";
			developmentRegion = English;
			hasScannedForEncodings = 0;
			knownRegions = (
				en,
				Base,
			);
			mainGroup = 92296E7C1EA573B6009F79F7;
			productRefGroup = 92296E861EA573B6009F79F7 /* Products */;
			projectDirPath = "";
			projectRoot = "";
			targets = (
				92296E841EA573B6009F79F7 /* SmashTag */,
			);
		};
/* End PBXProject section */

/* Begin PBXResourcesBuildPhase section */
		92296E831EA573B6009F79F7 /* Resources */ = {
			isa = PBXResourcesBuildPhase;
			buildActionMask = 2147483647;
			files = (
				9256A1201EA70A9E008DDD31 /* Main.storyboard in Resources */,
				92296E931EA573B6009F79F7 /* LaunchScreen.storyboard in Resources */,
				92296E901EA573B6009F79F7 /* Assets.xcassets in Resources */,
			);
			runOnlyForDeploymentPostprocessing = 0;
		};
/* End PBXResourcesBuildPhase section */

/* Begin PBXSourcesBuildPhase section */
		92296E811EA573B6009F79F7 /* Sources */ = {
			isa = PBXSourcesBuildPhase;
			buildActionMask = 2147483647;
			files = (
				9256A1281EA95E35008DDD31 /* RecentSearchesTableViewController.swift in Sources */,
				926BA9961EAA589000502FC4 /* ImagesCollectionViewController.swift in Sources */,
				9256A11E1EA6B3A8008DDD31 /* MentionsTableViewController.swift in Sources */,
				92296E891EA573B6009F79F7 /* AppDelegate.swift in Sources */,
				9256A1221EA7E60F008DDD31 /* ImageTableViewCell.swift in Sources */,
				9256A1261EA95905008DDD31 /* RecentSearches.swift in Sources */,
				92296E9C1EA5740B009F79F7 /* TweetTableViewController.swift in Sources */,
				9256A1241EA8EBA5008DDD31 /* ImageViewController.swift in Sources */,
				9256A0FE1EA59256008DDD31 /* TweetTableViewCell.swift in Sources */,
			);
			runOnlyForDeploymentPostprocessing = 0;
		};
/* End PBXSourcesBuildPhase section */

/* Begin PBXVariantGroup section */
		92296E911EA573B6009F79F7 /* LaunchScreen.storyboard */ = {
			isa = PBXVariantGroup;
			children = (
				92296E921EA573B6009F79F7 /* Base */,
			);
			name = LaunchScreen.storyboard;
			sourceTree = "<group>";
		};
/* End PBXVariantGroup section */

/* Begin XCBuildConfiguration section */
		92296E951EA573B6009F79F7 /* Debug */ = {
			isa = XCBuildConfiguration;
			buildSettings = {
				ALWAYS_SEARCH_USER_PATHS = NO;
				CLANG_ANALYZER_NONNULL = YES;
				CLANG_CXX_LANGUAGE_STANDARD = "gnu++0x";
				CLANG_CXX_LIBRARY = "libc++";
				CLANG_ENABLE_MODULES = YES;
				CLANG_ENABLE_OBJC_ARC = YES;
				CLANG_WARN_BOOL_CONVERSION = YES;
				CLANG_WARN_CONSTANT_CONVERSION = YES;
				CLANG_WARN_DIRECT_OBJC_ISA_USAGE = YES_ERROR;
				CLANG_WARN_DOCUMENTATION_COMMENTS = YES;
				CLANG_WARN_EMPTY_BODY = YES;
				CLANG_WARN_ENUM_CONVERSION = YES;
				CLANG_WARN_INFINITE_RECURSION = YES;
				CLANG_WARN_INT_CONVERSION = YES;
				CLANG_WARN_OBJC_ROOT_CLASS = YES_ERROR;
				CLANG_WARN_SUSPICIOUS_MOVE = YES;
				CLANG_WARN_UNREACHABLE_CODE = YES;
				CLANG_WARN__DUPLICATE_METHOD_MATCH = YES;
				"CODE_SIGN_IDENTITY[sdk=iphoneos*]" = "iPhone Developer";
				COPY_PHASE_STRIP = NO;
				DEBUG_INFORMATION_FORMAT = dwarf;
				ENABLE_STRICT_OBJC_MSGSEND = YES;
				ENABLE_TESTABILITY = YES;
				GCC_C_LANGUAGE_STANDARD = gnu99;
				GCC_DYNAMIC_NO_PIC = NO;
				GCC_NO_COMMON_BLOCKS = YES;
				GCC_OPTIMIZATION_LEVEL = 0;
				GCC_PREPROCESSOR_DEFINITIONS = (
					"DEBUG=1",
					"$(inherited)",
				);
				GCC_WARN_64_TO_32_BIT_CONVERSION = YES;
				GCC_WARN_ABOUT_RETURN_TYPE = YES_ERROR;
				GCC_WARN_UNDECLARED_SELECTOR = YES;
				GCC_WARN_UNINITIALIZED_AUTOS = YES_AGGRESSIVE;
				GCC_WARN_UNUSED_FUNCTION = YES;
				GCC_WARN_UNUSED_VARIABLE = YES;
				IPHONEOS_DEPLOYMENT_TARGET = 10.2;
				MTL_ENABLE_DEBUG_INFO = YES;
				ONLY_ACTIVE_ARCH = YES;
				SDKROOT = iphoneos;
				SWIFT_ACTIVE_COMPILATION_CONDITIONS = DEBUG;
				SWIFT_OPTIMIZATION_LEVEL = "-Onone";
				TARGETED_DEVICE_FAMILY = "1,2";
			};
			name = Debug;
		};
		92296E961EA573B6009F79F7 /* Release */ = {
			isa = XCBuildConfiguration;
			buildSettings = {
				ALWAYS_SEARCH_USER_PATHS = NO;
				CLANG_ANALYZER_NONNULL = YES;
				CLANG_CXX_LANGUAGE_STANDARD = "gnu++0x";
				CLANG_CXX_LIBRARY = "libc++";
				CLANG_ENABLE_MODULES = YES;
				CLANG_ENABLE_OBJC_ARC = YES;
				CLANG_WARN_BOOL_CONVERSION = YES;
				CLANG_WARN_CONSTANT_CONVERSION = YES;
				CLANG_WARN_DIRECT_OBJC_ISA_USAGE = YES_ERROR;
				CLANG_WARN_DOCUMENTATION_COMMENTS = YES;
				CLANG_WARN_EMPTY_BODY = YES;
				CLANG_WARN_ENUM_CONVERSION = YES;
				CLANG_WARN_INFINITE_RECURSION = YES;
				CLANG_WARN_INT_CONVERSION = YES;
				CLANG_WARN_OBJC_ROOT_CLASS = YES_ERROR;
				CLANG_WARN_SUSPICIOUS_MOVE = YES;
				CLANG_WARN_UNREACHABLE_CODE = YES;
				CLANG_WARN__DUPLICATE_METHOD_MATCH = YES;
				"CODE_SIGN_IDENTITY[sdk=iphoneos*]" = "iPhone Developer";
				COPY_PHASE_STRIP = NO;
				DEBUG_INFORMATION_FORMAT = "dwarf-with-dsym";
				ENABLE_NS_ASSERTIONS = NO;
				ENABLE_STRICT_OBJC_MSGSEND = YES;
				GCC_C_LANGUAGE_STANDARD = gnu99;
				GCC_NO_COMMON_BLOCKS = YES;
				GCC_WARN_64_TO_32_BIT_CONVERSION = YES;
				GCC_WARN_ABOUT_RETURN_TYPE = YES_ERROR;
				GCC_WARN_UNDECLARED_SELECTOR = YES;
				GCC_WARN_UNINITIALIZED_AUTOS = YES_AGGRESSIVE;
				GCC_WARN_UNUSED_FUNCTION = YES;
				GCC_WARN_UNUSED_VARIABLE = YES;
				IPHONEOS_DEPLOYMENT_TARGET = 10.2;
				MTL_ENABLE_DEBUG_INFO = NO;
				SDKROOT = iphoneos;
				SWIFT_OPTIMIZATION_LEVEL = "-Owholemodule";
				TARGETED_DEVICE_FAMILY = "1,2";
				VALIDATE_PRODUCT = YES;
			};
			name = Release;
		};
		92296E981EA573B6009F79F7 /* Debug */ = {
			isa = XCBuildConfiguration;
			buildSettings = {
				ASSETCATALOG_COMPILER_APPICON_NAME = AppIcon;
				DEVELOPMENT_TEAM = SZZL343FSD;
				INFOPLIST_FILE = SmashTag/Info.plist;
				LD_RUNPATH_SEARCH_PATHS = "$(inherited) @executable_path/Frameworks";
				PRODUCT_BUNDLE_IDENTIFIER = "com.SmashTag-Chi";
				PRODUCT_NAME = "$(TARGET_NAME)";
				SWIFT_VERSION = 3.0;
			};
			name = Debug;
		};
		92296E991EA573B6009F79F7 /* Release */ = {
			isa = XCBuildConfiguration;
			buildSettings = {
				ASSETCATALOG_COMPILER_APPICON_NAME = AppIcon;
				DEVELOPMENT_TEAM = SZZL343FSD;
				INFOPLIST_FILE = SmashTag/Info.plist;
				LD_RUNPATH_SEARCH_PATHS = "$(inherited) @executable_path/Frameworks";
				PRODUCT_BUNDLE_IDENTIFIER = "com.SmashTag-Chi";
				PRODUCT_NAME = "$(TARGET_NAME)";
				SWIFT_VERSION = 3.0;
			};
			name = Release;
		};
/* End XCBuildConfiguration section */

/* Begin XCConfigurationList section */
		92296E801EA573B6009F79F7 /* Build configuration list for PBXProject "SmashTag" */ = {
			isa = XCConfigurationList;
			buildConfigurations = (
				92296E951EA573B6009F79F7 /* Debug */,
				92296E961EA573B6009F79F7 /* Release */,
			);
			defaultConfigurationIsVisible = 0;
			defaultConfigurationName = Release;
		};
		92296E971EA573B6009F79F7 /* Build configuration list for PBXNativeTarget "SmashTag" */ = {
			isa = XCConfigurationList;
			buildConfigurations = (
				92296E981EA573B6009F79F7 /* Debug */,
				92296E991EA573B6009F79F7 /* Release */,
			);
			defaultConfigurationIsVisible = 0;
			defaultConfigurationName = Release;
		};
/* End XCConfigurationList section */
	};
	rootObject = 92296E7D1EA573B6009F79F7 /* Project object */;
}
